
Microsoft Visual Studio Solution File, Format Version 12.00
# Visual Studio Version 17
VisualStudioVersion = 17.13.35931.197 d17.13
MinimumVisualStudioVersion = 10.0.40219.1
Project("{FAE04EC0-301F-11D3-BF4B-00C04F79EFBC}") = "W3ResourceBasic", "W3ResourceBasic\W3ResourceBasic.csproj", "{24ADEA32-92A9-49E9-B286-1527E302BE4F}"
EndProject
Global
	GlobalSection(SolutionConfigurationPlatforms) = preSolution
		Debug|Any CPU = Debug|Any CPU
		Release|Any CPU = Release|Any CPU
	EndGlobalSection
	GlobalSection(ProjectConfigurationPlatforms) = postSolution
		{24ADEA32-92A9-49E9-B286-1527E302BE4F}.Debug|Any CPU.ActiveCfg = Debug|Any CPU
		{24ADEA32-92A9-49E9-B286-1527E302BE4F}.Debug|Any CPU.Build.0 = Debug|Any CPU
		{24ADEA32-92A9-49E9-B286-1527E302BE4F}.Release|Any CPU.ActiveCfg = Release|Any CPU
		{24ADEA32-92A9-49E9-B286-1527E302BE4F}.Release|Any CPU.Build.0 = Release|Any CPU
	EndGlobalSection
	GlobalSection(SolutionProperties) = preSolution
		HideSolutionNode = FALSE
	EndGlobalSection
	GlobalSection(ExtensibilityGlobals) = postSolution
		SolutionGuid = {C09C1827-FF71-44CD-A291-8073D20FEDDE}
	EndGlobalSection
EndGlobal
